{
  "originHash" : "7e2427af7bfd87e9a8aaa7ac576ccd2cd266ee76621c5f25bc5b4119cd29a42e",
  "pins" : [
    {
      "identity" : "libopus",
      "kind" : "remoteSourceControl",
      "location" : "https://github.com/SerhiiShovkoplias/libopus.git",
      "state" : {
        "revision" : "3774e6a07bbe30c869951ae5dada5941d00c30ad",
        "version" : "1.0.3"
      }
    },
    {
      "identity" : "opusbinding",
      "kind" : "remoteSourceControl",
      "location" : "https://github.com/SerhiiShovkoplias/OpusBinding.git",
      "state" : {
        "revision" : "7ab549d2ad228ee9fcc44e8ec95432bffc652f42",
        "version" : "1.0.4"
      }
    }
  ],
  "version" : 3
}
