{
  "pins" : [
    {
      "identity" : "libopus",
      "kind" : "remoteSourceControl",
      "location" : "https://github.com/SerhiiShovkoplias/libopus.git",
      "state" : {
        "revision" : "2f177efad3758b0961dadeef1d6b33371e972bce",
        "version" : "1.0.6"
      }
    },
    {
      "identity" : "opusbinding",
      "kind" : "remoteSourceControl",
      "location" : "https://github.com/SerhiiShovkoplias/OpusBinding.git",
      "state" : {
        "revision" : "b56def98826ac83a7a95e5217e04716ca5677c4c",
        "version" : "1.0.9"
      }
    }
  ],
  "version" : 2
}
