{
  "pins" : [
    {
      "identity" : "libopus",
      "kind" : "remoteSourceControl",
      "location" : "https://github.com/SerhiiShovkoplias/libopus.git",
      "state" : {
        "revision" : "3774e6a07bbe30c869951ae5dada5941d00c30ad",
        "version" : "1.0.3"
      }
    },
    {
      "identity" : "opusbinding",
      "kind" : "remoteSourceControl",
      "location" : "https://github.com/SerhiiShovkoplias/OpusBinding.git",
      "state" : {
        "revision" : "743707ba088e41b97a2cb4598a82ee1eadfbc729",
        "version" : "1.0.5"
      }
    }
  ],
  "version" : 2
}
